<Solution>
    <Folder Name="/src/">
        <Project Path="src\Infrastructure\Infrastructure.csproj" Type="Classic C#" />
        <Project Path="src\UserService\UserService.csproj" Type="Classic C#" />
    </Folder>
    <Folder Name="/src/Application">
        <Project Path="src\Application\UserService.Application.Abstractions\UserService.Application.Abstractions.csproj" Type="Classic C#" />
        <Project Path="src\Application\UserService.Application.Contracts\UserService.Application.Contracts.csproj" Type="Classic C#" />
        <Project Path="src\Application\UserService.Application.Models\UserService.Application.Models.csproj" Type="Classic C#" />
        <Project Path="src\Application\UserService.Application\UserService.Application.csproj" Type="Classic C#" />
    </Folder>
    <Folder Name="/tests/">
        
    </Folder>
    <Folder Name="/src/Presentation">
        <Project Path="src\Presentation\Grpc\Grpc.csproj" Type="Classic C#" />
        <Project Path="src\Presentation\Kafka\Kafka.csproj" Type="Classic C#" />
    </Folder>
    <Folder Name="/common/">
        <File Path=".editorconfig"/>
        <File Path=".gitignore"/>
        <File Path="Directory.Build.props"/>
        <File Path="Directory.Packages.props"/>
        <File Path="docker-compose.yml"/>
        <File Path="Dockerfile"/>
        <File Path="README.md"/>
    </Folder>
</Solution>